<?xml version="1.0" encoding="utf-8"?>
<Project ToolsVersion="4.0" xmlns="http://schemas.microsoft.com/developer/msbuild/2003">
  <ItemGroup>
    <Filter Include="ソース ファイル">
      <UniqueIdentifier>{4FC737F1-C7A5-4376-A066-2A32D752A2FF}</UniqueIdentifier>
      <Extensions>cpp;c;cc;cxx;def;odl;idl;hpj;bat;asm;asmx</Extensions>
    </Filter>
    <Filter Include="ヘッダー ファイル">
      <UniqueIdentifier>{93995380-89BD-4b04-88EB-625FBE52EBFB}</UniqueIdentifier>
      <Extensions>h;hh;hpp;hxx;hm;inl;inc;xsd</Extensions>
    </Filter>
    <Filter Include="ソース ファイル\GameObject">
      <UniqueIdentifier>{54e23db7-f61e-4433-a167-61ad9622f9dc}</UniqueIdentifier>
    </Filter>
    <Filter Include="ソース ファイル\Graphics">
      <UniqueIdentifier>{c676055c-dacb-4a91-930a-0a6e877a1df4}</UniqueIdentifier>
    </Filter>
    <Filter Include="ソース ファイル\リソース ファイル">
      <UniqueIdentifier>{67DA6AB6-F800-4c08-8B7A-83BB121AAD01}</UniqueIdentifier>
      <Extensions>rc;ico;cur;bmp;dlg;rc2;rct;bin;rgs;gif;jpg;jpeg;jpe;resx;tiff;tif;png;wav;mfcribbon-ms</Extensions>
    </Filter>
    <Filter Include="ソース ファイル\Graphics\SkinModel">
      <UniqueIdentifier>{c0d3a0fd-4bd9-4b2c-8206-315519e5d035}</UniqueIdentifier>
    </Filter>
    <Filter Include="ソース ファイル\Physics">
      <UniqueIdentifier>{0b7879f1-6223-4138-907c-002f3303c1bf}</UniqueIdentifier>
    </Filter>
    <Filter Include="ソース ファイル\Physics\Collider">
      <UniqueIdentifier>{4a76f7be-446c-4535-87d2-0a56864be2e3}</UniqueIdentifier>
    </Filter>
  </ItemGroup>
  <ItemGroup>
    <ClCompile Include="graphics\EffectManager.cpp">
      <Filter>ソース ファイル\Graphics</Filter>
    </ClCompile>
    <ClCompile Include="Engine.cpp">
      <Filter>ソース ファイル</Filter>
    </ClCompile>
    <ClCompile Include="GameObject\GameObject.cpp">
      <Filter>ソース ファイル\GameObject</Filter>
    </ClCompile>
    <ClCompile Include="GameObject\GameObjectManager.cpp">
      <Filter>ソース ファイル\GameObject</Filter>
    </ClCompile>
    <ClCompile Include="Graphics\SkinModel\SkinModel.cpp">
      <Filter>ソース ファイル\Graphics\SkinModel</Filter>
    </ClCompile>
    <ClCompile Include="Graphics\SkinModel\SkinModelData.cpp">
      <Filter>ソース ファイル\Graphics\SkinModel</Filter>
    </ClCompile>
    <ClCompile Include="Graphics\SkinModel\Animation.cpp">
      <Filter>ソース ファイル\Graphics\SkinModel</Filter>
    </ClCompile>
    <ClCompile Include="Graphics\Sprite.cpp">
      <Filter>ソース ファイル\Graphics</Filter>
    </ClCompile>
    <ClCompile Include="Graphics\Primitive.cpp">
      <Filter>ソース ファイル\Graphics</Filter>
    </ClCompile>
    <ClCompile Include="Graphics\Texture.cpp">
      <Filter>ソース ファイル\Graphics</Filter>
    </ClCompile>
    <ClCompile Include="Camera.cpp">
      <Filter>ソース ファイル</Filter>
    </ClCompile>
    <ClCompile Include="Graphics\Light.cpp">
      <Filter>ソース ファイル\Graphics</Filter>
    </ClCompile>
    <ClCompile Include="engineStdafx.cpp">
      <Filter>ソース ファイル</Filter>
    </ClCompile>
    <ClCompile Include="Physics\Physics.cpp">
      <Filter>ソース ファイル\Physics</Filter>
    </ClCompile>
    <ClCompile Include="Physics\Collider\ICollider.cpp">
      <Filter>ソース ファイル\Physics\Collider</Filter>
    </ClCompile>
    <ClCompile Include="Physics\Collider\MeshCollider.cpp">
      <Filter>ソース ファイル\Physics\Collider</Filter>
    </ClCompile>
    <ClCompile Include="Physics\RigidBody.cpp">
      <Filter>ソース ファイル\Physics</Filter>
    </ClCompile>
    <ClCompile Include="Physics\Collider\CapsuleCollider.cpp">
      <Filter>ソース ファイル\Physics\Collider</Filter>
    </ClCompile>
    <ClCompile Include="Physics\CharacterController.cpp">
      <Filter>ソース ファイル\Physics</Filter>
    </ClCompile>
  </ItemGroup>
  <ItemGroup>
    <ClInclude Include="graphics\EffectManager.h">
      <Filter>ソース ファイル\Graphics</Filter>
    </ClInclude>
    <ClInclude Include="Engine.h">
      <Filter>ソース ファイル</Filter>
    </ClInclude>
    <ClInclude Include="GameObject\GameObject.h">
      <Filter>ソース ファイル\GameObject</Filter>
    </ClInclude>
    <ClInclude Include="GameObject\GameObjectManager.h">
      <Filter>ソース ファイル\GameObject</Filter>
    </ClInclude>
    <ClInclude Include="Graphics\SkinModel\SkinModel.h">
      <Filter>ソース ファイル\Graphics\SkinModel</Filter>
    </ClInclude>
    <ClInclude Include="Graphics\SkinModel\SkinModelData.h">
      <Filter>ソース ファイル\Graphics\SkinModel</Filter>
    </ClInclude>
    <ClInclude Include="Graphics\SkinModel\Animation.h">
      <Filter>ソース ファイル\Graphics\SkinModel</Filter>
    </ClInclude>
    <ClInclude Include="Graphics\Sprite.h">
      <Filter>ソース ファイル\Graphics</Filter>
    </ClInclude>
    <ClInclude Include="Graphics\Primitive.h">
      <Filter>ソース ファイル\Graphics</Filter>
    </ClInclude>
    <ClInclude Include="Graphics\Texture.h">
      <Filter>ソース ファイル\Graphics</Filter>
    </ClInclude>
    <ClInclude Include="Graphics\VertexCommon.h">
      <Filter>ソース ファイル\Graphics</Filter>
    </ClInclude>
    <ClInclude Include="Graphics\Light.h">
      <Filter>ソース ファイル\Graphics</Filter>
    </ClInclude>
    <ClInclude Include="Camera.h">
      <Filter>ソース ファイル</Filter>
    </ClInclude>
    <ClInclude Include="engineStdafx.h">
      <Filter>ソース ファイル</Filter>
    </ClInclude>
    <ClInclude Include="Physics\Physics.h">
      <Filter>ソース ファイル\Physics</Filter>
    </ClInclude>
    <ClInclude Include="Physics\Collider\ICollider.h">
      <Filter>ソース ファイル\Physics\Collider</Filter>
    </ClInclude>
    <ClInclude Include="Physics\Collider\MeshCollider.h">
      <Filter>ソース ファイル\Physics\Collider</Filter>
    </ClInclude>
    <ClInclude Include="Physics\RigidBody.h">
      <Filter>ソース ファイル\Physics</Filter>
    </ClInclude>
    <ClInclude Include="Physics\Collider\CapsuleCollider.h">
      <Filter>ソース ファイル\Physics\Collider</Filter>
    </ClInclude>
    <ClInclude Include="Physics\CharacterController.h">
      <Filter>ソース ファイル\Physics</Filter>
    </ClInclude>
    <ClInclude Include="Physics\CollisionAttr.h">
      <Filter>ソース ファイル\Physics</Filter>
    </ClInclude>
  </ItemGroup>
</Project>