<?xml version="1.0" encoding="utf-8"?>
<Project ToolsVersion="4.0" xmlns="http://schemas.microsoft.com/developer/msbuild/2003">
  <ItemGroup>
    <Filter Include="ソース ファイル">
      <UniqueIdentifier>{4FC737F1-C7A5-4376-A066-2A32D752A2FF}</UniqueIdentifier>
      <Extensions>cpp;c;cc;cxx;def;odl;idl;hpj;bat;asm;asmx</Extensions>
    </Filter>
    <Filter Include="ヘッダー ファイル">
      <UniqueIdentifier>{93995380-89BD-4b04-88EB-625FBE52EBFB}</UniqueIdentifier>
      <Extensions>h;hh;hpp;hxx;hm;inl;inc;xsd</Extensions>
    </Filter>
    <Filter Include="リソース ファイル">
      <UniqueIdentifier>{67DA6AB6-F800-4c08-8B7A-83BB121AAD01}</UniqueIdentifier>
      <Extensions>rc;ico;cur;bmp;dlg;rc2;rct;bin;rgs;gif;jpg;jpeg;jpe;resx;tiff;tif;png;wav;mfcribbon-ms</Extensions>
    </Filter>
    <Filter Include="ソース ファイル\Player">
      <UniqueIdentifier>{b7e4816f-4107-4f68-b075-0616b158ceae}</UniqueIdentifier>
    </Filter>
    <Filter Include="ソース ファイル\Scene">
      <UniqueIdentifier>{a229b346-199c-448f-b5fc-f8288c5bfe1d}</UniqueIdentifier>
    </Filter>
    <Filter Include="ソース ファイル\GameCamera">
      <UniqueIdentifier>{0c980480-4a2c-40e2-9d73-5409834043fe}</UniqueIdentifier>
    </Filter>
    <Filter Include="ソース ファイル\Map">
      <UniqueIdentifier>{b5db00fd-86a2-4b7e-ba68-1c3918346e8a}</UniqueIdentifier>
    </Filter>
    <Filter Include="ソース ファイル\Map\MapChip">
      <UniqueIdentifier>{1a7e3104-4569-477b-8260-746b580b958a}</UniqueIdentifier>
    </Filter>
  </ItemGroup>
  <ItemGroup>
    <ClCompile Include="main.cpp">
      <Filter>ソース ファイル</Filter>
    </ClCompile>
    <ClCompile Include="stdafx.cpp">
      <Filter>ソース ファイル</Filter>
    </ClCompile>
    <ClCompile Include="Player\Player.cpp">
      <Filter>ソース ファイル\Player</Filter>
    </ClCompile>
    <ClCompile Include="GameCamera\GameCamera.cpp">
      <Filter>ソース ファイル\GameCamera</Filter>
    </ClCompile>
    <ClCompile Include="Map\Sky.cpp">
      <Filter>ソース ファイル\Map</Filter>
    </ClCompile>
    <ClCompile Include="Map\MapChip\MapChip.cpp">
      <Filter>ソース ファイル\Map\MapChip</Filter>
    </ClCompile>
    <ClCompile Include="Map\MapChip\StaticMapObject.cpp">
      <Filter>ソース ファイル\Map\MapChip</Filter>
    </ClCompile>
    <ClCompile Include="Map\MapChip\Goal.cpp">
      <Filter>ソース ファイル\Map\MapChip</Filter>
    </ClCompile>
    <ClCompile Include="Scene\GameOverScene.cpp">
      <Filter>ソース ファイル\Scene</Filter>
    </ClCompile>
    <ClCompile Include="Scene\GameScene.cpp">
      <Filter>ソース ファイル\Scene</Filter>
    </ClCompile>
    <ClCompile Include="Scene\GameClearScene.cpp">
      <Filter>ソース ファイル\Scene</Filter>
    </ClCompile>
    <ClCompile Include="Scene\Fade.cpp">
      <Filter>ソース ファイル\Scene</Filter>
    </ClCompile>
    <ClCompile Include="Map\MapChip\MoveFloor.cpp">
      <Filter>ソース ファイル\Map\MapChip</Filter>
    </ClCompile>
    <ClCompile Include="Map\MapChip\SpringObject.cpp">
      <Filter>ソース ファイル\Map\MapChip</Filter>
    </ClCompile>
    <ClCompile Include="Map\Map.cpp">
      <Filter>ソース ファイル\Map</Filter>
    </ClCompile>
    <ClCompile Include="Player\PlayerGraspCliff.cpp">
      <Filter>ソース ファイル\Player</Filter>
    </ClCompile>
  </ItemGroup>
  <ItemGroup>
    <ClInclude Include="stdafx.h">
      <Filter>ソース ファイル</Filter>
    </ClInclude>
    <ClInclude Include="GameCamera\GameCamera.h">
      <Filter>ソース ファイル\GameCamera</Filter>
    </ClInclude>
    <ClInclude Include="Map\Sky.h">
      <Filter>ソース ファイル\Map</Filter>
    </ClInclude>
    <ClInclude Include="Map\MapChip\MapChip.h">
      <Filter>ソース ファイル\Map\MapChip</Filter>
    </ClInclude>
    <ClInclude Include="Map\MapChip\StaticMapObject.h">
      <Filter>ソース ファイル\Map\MapChip</Filter>
    </ClInclude>
    <ClInclude Include="Map\MapChip\Goal.h">
      <Filter>ソース ファイル\Map\MapChip</Filter>
    </ClInclude>
    <ClInclude Include="Scene\GameOverScene.h">
      <Filter>ソース ファイル\Scene</Filter>
    </ClInclude>
    <ClInclude Include="Scene\GameScene.h">
      <Filter>ソース ファイル\Scene</Filter>
    </ClInclude>
    <ClInclude Include="Scene\GameClearScene.h">
      <Filter>ソース ファイル\Scene</Filter>
    </ClInclude>
    <ClInclude Include="Player\Player.h">
      <Filter>ソース ファイル\Player</Filter>
    </ClInclude>
    <ClInclude Include="Scene\Fade.h">
      <Filter>ソース ファイル\Scene</Filter>
    </ClInclude>
    <ClInclude Include="Map\MapChip\MoveFloor.h">
      <Filter>ソース ファイル\Map\MapChip</Filter>
    </ClInclude>
    <ClInclude Include="Map\MapChip\SpringObject.h">
      <Filter>ソース ファイル\Map\MapChip</Filter>
    </ClInclude>
    <ClInclude Include="Map\Map.h">
      <Filter>ソース ファイル\Map</Filter>
    </ClInclude>
    <ClInclude Include="Player\PlayerGraspCliff.h">
      <Filter>ソース ファイル\Player</Filter>
    </ClInclude>
  </ItemGroup>
</Project>