
Microsoft Visual Studio Solution File, Format Version 12.00
# Visual Studio 14
VisualStudioVersion = 14.0.25420.1
MinimumVisualStudioVersion = 10.0.40219.1
Project("{8BC9CEB8-8B4A-11D0-8D11-00A0C91BC942}") = "Game", "Game\Game.vcxproj", "{FEA57FAD-ED42-4698-B18D-3BD69B59F59F}"
EndProject
Project("{8BC9CEB8-8B4A-11D0-8D11-00A0C91BC942}") = "osumaruEngine", "osumaruEngine\osumaruEngine.vcxproj", "{42C6FE88-23A2-4C58-8B18-5ED8EEA3D9F0}"
EndProject
Project("{8BC9CEB8-8B4A-11D0-8D11-00A0C91BC942}") = "LinearMath", "bulletPhysics\src\LinearMath\LinearMath.vcxproj", "{4DCE52A5-106C-3D94-815D-C8EBC6133B5E}"
EndProject
Project("{8BC9CEB8-8B4A-11D0-8D11-00A0C91BC942}") = "BulletCollision", "bulletPhysics\src\BulletCollision\BulletCollision.vcxproj", "{28EF574A-84DB-3CB0-9B45-DB3545B2D05C}"
EndProject
Project("{8BC9CEB8-8B4A-11D0-8D11-00A0C91BC942}") = "BulletDynamics", "bulletPhysics\src\BulletDynamics\BulletDynamics.vcxproj", "{9BF1ADF3-EB57-35E8-B156-ADE8FFC7E2F0}"
EndProject
Project("{8BC9CEB8-8B4A-11D0-8D11-00A0C91BC942}") = "BulletSoftBody", "bulletPhysics\src\BulletSoftBody\BulletSoftBody.vcxproj", "{8ECBBDCD-865E-345B-9496-62B82F2FFEC5}"
EndProject
Global
	GlobalSection(SolutionConfigurationPlatforms) = preSolution
		Debug|x64 = Debug|x64
		Debug|x86 = Debug|x86
		MinSizeRel|x64 = MinSizeRel|x64
		MinSizeRel|x86 = MinSizeRel|x86
		Release|x64 = Release|x64
		Release|x86 = Release|x86
		RelWithDebInfo|x64 = RelWithDebInfo|x64
		RelWithDebInfo|x86 = RelWithDebInfo|x86
	EndGlobalSection
	GlobalSection(ProjectConfigurationPlatforms) = postSolution
		{FEA57FAD-ED42-4698-B18D-3BD69B59F59F}.Debug|x64.ActiveCfg = Debug|x64
		{FEA57FAD-ED42-4698-B18D-3BD69B59F59F}.Debug|x64.Build.0 = Debug|x64
		{FEA57FAD-ED42-4698-B18D-3BD69B59F59F}.Debug|x86.ActiveCfg = Debug|Win32
		{FEA57FAD-ED42-4698-B18D-3BD69B59F59F}.Debug|x86.Build.0 = Debug|Win32
		{FEA57FAD-ED42-4698-B18D-3BD69B59F59F}.MinSizeRel|x64.ActiveCfg = Release|x64
		{FEA57FAD-ED42-4698-B18D-3BD69B59F59F}.MinSizeRel|x64.Build.0 = Release|x64
		{FEA57FAD-ED42-4698-B18D-3BD69B59F59F}.MinSizeRel|x86.ActiveCfg = Release|Win32
		{FEA57FAD-ED42-4698-B18D-3BD69B59F59F}.MinSizeRel|x86.Build.0 = Release|Win32
		{FEA57FAD-ED42-4698-B18D-3BD69B59F59F}.Release|x64.ActiveCfg = Release|x64
		{FEA57FAD-ED42-4698-B18D-3BD69B59F59F}.Release|x64.Build.0 = Release|x64
		{FEA57FAD-ED42-4698-B18D-3BD69B59F59F}.Release|x86.ActiveCfg = Release|Win32
		{FEA57FAD-ED42-4698-B18D-3BD69B59F59F}.Release|x86.Build.0 = Release|Win32
		{FEA57FAD-ED42-4698-B18D-3BD69B59F59F}.RelWithDebInfo|x64.ActiveCfg = Release|x64
		{FEA57FAD-ED42-4698-B18D-3BD69B59F59F}.RelWithDebInfo|x64.Build.0 = Release|x64
		{FEA57FAD-ED42-4698-B18D-3BD69B59F59F}.RelWithDebInfo|x86.ActiveCfg = Release|Win32
		{FEA57FAD-ED42-4698-B18D-3BD69B59F59F}.RelWithDebInfo|x86.Build.0 = Release|Win32
		{42C6FE88-23A2-4C58-8B18-5ED8EEA3D9F0}.Debug|x64.ActiveCfg = Debug|x64
		{42C6FE88-23A2-4C58-8B18-5ED8EEA3D9F0}.Debug|x64.Build.0 = Debug|x64
		{42C6FE88-23A2-4C58-8B18-5ED8EEA3D9F0}.Debug|x86.ActiveCfg = Debug|Win32
		{42C6FE88-23A2-4C58-8B18-5ED8EEA3D9F0}.Debug|x86.Build.0 = Debug|Win32
		{42C6FE88-23A2-4C58-8B18-5ED8EEA3D9F0}.MinSizeRel|x64.ActiveCfg = Release|x64
		{42C6FE88-23A2-4C58-8B18-5ED8EEA3D9F0}.MinSizeRel|x64.Build.0 = Release|x64
		{42C6FE88-23A2-4C58-8B18-5ED8EEA3D9F0}.MinSizeRel|x86.ActiveCfg = Release|Win32
		{42C6FE88-23A2-4C58-8B18-5ED8EEA3D9F0}.MinSizeRel|x86.Build.0 = Release|Win32
		{42C6FE88-23A2-4C58-8B18-5ED8EEA3D9F0}.Release|x64.ActiveCfg = Release|x64
		{42C6FE88-23A2-4C58-8B18-5ED8EEA3D9F0}.Release|x64.Build.0 = Release|x64
		{42C6FE88-23A2-4C58-8B18-5ED8EEA3D9F0}.Release|x86.ActiveCfg = Release|Win32
		{42C6FE88-23A2-4C58-8B18-5ED8EEA3D9F0}.Release|x86.Build.0 = Release|Win32
		{42C6FE88-23A2-4C58-8B18-5ED8EEA3D9F0}.RelWithDebInfo|x64.ActiveCfg = Release|x64
		{42C6FE88-23A2-4C58-8B18-5ED8EEA3D9F0}.RelWithDebInfo|x64.Build.0 = Release|x64
		{42C6FE88-23A2-4C58-8B18-5ED8EEA3D9F0}.RelWithDebInfo|x86.ActiveCfg = Release|Win32
		{42C6FE88-23A2-4C58-8B18-5ED8EEA3D9F0}.RelWithDebInfo|x86.Build.0 = Release|Win32
		{4DCE52A5-106C-3D94-815D-C8EBC6133B5E}.Debug|x64.ActiveCfg = Debug|Win32
		{4DCE52A5-106C-3D94-815D-C8EBC6133B5E}.Debug|x64.Build.0 = Debug|Win32
		{4DCE52A5-106C-3D94-815D-C8EBC6133B5E}.Debug|x86.ActiveCfg = Debug|Win32
		{4DCE52A5-106C-3D94-815D-C8EBC6133B5E}.Debug|x86.Build.0 = Debug|Win32
		{4DCE52A5-106C-3D94-815D-C8EBC6133B5E}.MinSizeRel|x64.ActiveCfg = MinSizeRel|Win32
		{4DCE52A5-106C-3D94-815D-C8EBC6133B5E}.MinSizeRel|x86.ActiveCfg = MinSizeRel|Win32
		{4DCE52A5-106C-3D94-815D-C8EBC6133B5E}.MinSizeRel|x86.Build.0 = MinSizeRel|Win32
		{4DCE52A5-106C-3D94-815D-C8EBC6133B5E}.Release|x64.ActiveCfg = Release|Win32
		{4DCE52A5-106C-3D94-815D-C8EBC6133B5E}.Release|x64.Build.0 = Release|Win32
		{4DCE52A5-106C-3D94-815D-C8EBC6133B5E}.Release|x86.ActiveCfg = Release|Win32
		{4DCE52A5-106C-3D94-815D-C8EBC6133B5E}.Release|x86.Build.0 = Release|Win32
		{4DCE52A5-106C-3D94-815D-C8EBC6133B5E}.RelWithDebInfo|x64.ActiveCfg = RelWithDebInfo|Win32
		{4DCE52A5-106C-3D94-815D-C8EBC6133B5E}.RelWithDebInfo|x86.ActiveCfg = RelWithDebInfo|Win32
		{4DCE52A5-106C-3D94-815D-C8EBC6133B5E}.RelWithDebInfo|x86.Build.0 = RelWithDebInfo|Win32
		{28EF574A-84DB-3CB0-9B45-DB3545B2D05C}.Debug|x64.ActiveCfg = Debug|Win32
		{28EF574A-84DB-3CB0-9B45-DB3545B2D05C}.Debug|x64.Build.0 = Debug|Win32
		{28EF574A-84DB-3CB0-9B45-DB3545B2D05C}.Debug|x86.ActiveCfg = Debug|Win32
		{28EF574A-84DB-3CB0-9B45-DB3545B2D05C}.Debug|x86.Build.0 = Debug|Win32
		{28EF574A-84DB-3CB0-9B45-DB3545B2D05C}.MinSizeRel|x64.ActiveCfg = MinSizeRel|Win32
		{28EF574A-84DB-3CB0-9B45-DB3545B2D05C}.MinSizeRel|x86.ActiveCfg = MinSizeRel|Win32
		{28EF574A-84DB-3CB0-9B45-DB3545B2D05C}.MinSizeRel|x86.Build.0 = MinSizeRel|Win32
		{28EF574A-84DB-3CB0-9B45-DB3545B2D05C}.Release|x64.ActiveCfg = Release|Win32
		{28EF574A-84DB-3CB0-9B45-DB3545B2D05C}.Release|x64.Build.0 = Release|Win32
		{28EF574A-84DB-3CB0-9B45-DB3545B2D05C}.Release|x86.ActiveCfg = Release|Win32
		{28EF574A-84DB-3CB0-9B45-DB3545B2D05C}.Release|x86.Build.0 = Release|Win32
		{28EF574A-84DB-3CB0-9B45-DB3545B2D05C}.RelWithDebInfo|x64.ActiveCfg = RelWithDebInfo|Win32
		{28EF574A-84DB-3CB0-9B45-DB3545B2D05C}.RelWithDebInfo|x86.ActiveCfg = RelWithDebInfo|Win32
		{28EF574A-84DB-3CB0-9B45-DB3545B2D05C}.RelWithDebInfo|x86.Build.0 = RelWithDebInfo|Win32
		{9BF1ADF3-EB57-35E8-B156-ADE8FFC7E2F0}.Debug|x64.ActiveCfg = Debug|Win32
		{9BF1ADF3-EB57-35E8-B156-ADE8FFC7E2F0}.Debug|x64.Build.0 = Debug|Win32
		{9BF1ADF3-EB57-35E8-B156-ADE8FFC7E2F0}.Debug|x86.ActiveCfg = Debug|Win32
		{9BF1ADF3-EB57-35E8-B156-ADE8FFC7E2F0}.Debug|x86.Build.0 = Debug|Win32
		{9BF1ADF3-EB57-35E8-B156-ADE8FFC7E2F0}.MinSizeRel|x64.ActiveCfg = MinSizeRel|Win32
		{9BF1ADF3-EB57-35E8-B156-ADE8FFC7E2F0}.MinSizeRel|x86.ActiveCfg = MinSizeRel|Win32
		{9BF1ADF3-EB57-35E8-B156-ADE8FFC7E2F0}.MinSizeRel|x86.Build.0 = MinSizeRel|Win32
		{9BF1ADF3-EB57-35E8-B156-ADE8FFC7E2F0}.Release|x64.ActiveCfg = Release|Win32
		{9BF1ADF3-EB57-35E8-B156-ADE8FFC7E2F0}.Release|x64.Build.0 = Release|Win32
		{9BF1ADF3-EB57-35E8-B156-ADE8FFC7E2F0}.Release|x86.ActiveCfg = Release|Win32
		{9BF1ADF3-EB57-35E8-B156-ADE8FFC7E2F0}.Release|x86.Build.0 = Release|Win32
		{9BF1ADF3-EB57-35E8-B156-ADE8FFC7E2F0}.RelWithDebInfo|x64.ActiveCfg = RelWithDebInfo|Win32
		{9BF1ADF3-EB57-35E8-B156-ADE8FFC7E2F0}.RelWithDebInfo|x86.ActiveCfg = RelWithDebInfo|Win32
		{9BF1ADF3-EB57-35E8-B156-ADE8FFC7E2F0}.RelWithDebInfo|x86.Build.0 = RelWithDebInfo|Win32
		{8ECBBDCD-865E-345B-9496-62B82F2FFEC5}.Debug|x64.ActiveCfg = Debug|Win32
		{8ECBBDCD-865E-345B-9496-62B82F2FFEC5}.Debug|x64.Build.0 = Debug|Win32
		{8ECBBDCD-865E-345B-9496-62B82F2FFEC5}.Debug|x86.ActiveCfg = Debug|Win32
		{8ECBBDCD-865E-345B-9496-62B82F2FFEC5}.Debug|x86.Build.0 = Debug|Win32
		{8ECBBDCD-865E-345B-9496-62B82F2FFEC5}.MinSizeRel|x64.ActiveCfg = MinSizeRel|Win32
		{8ECBBDCD-865E-345B-9496-62B82F2FFEC5}.MinSizeRel|x86.ActiveCfg = MinSizeRel|Win32
		{8ECBBDCD-865E-345B-9496-62B82F2FFEC5}.MinSizeRel|x86.Build.0 = MinSizeRel|Win32
		{8ECBBDCD-865E-345B-9496-62B82F2FFEC5}.Release|x64.ActiveCfg = Release|Win32
		{8ECBBDCD-865E-345B-9496-62B82F2FFEC5}.Release|x64.Build.0 = Release|Win32
		{8ECBBDCD-865E-345B-9496-62B82F2FFEC5}.Release|x86.ActiveCfg = Release|Win32
		{8ECBBDCD-865E-345B-9496-62B82F2FFEC5}.Release|x86.Build.0 = Release|Win32
		{8ECBBDCD-865E-345B-9496-62B82F2FFEC5}.RelWithDebInfo|x64.ActiveCfg = RelWithDebInfo|Win32
		{8ECBBDCD-865E-345B-9496-62B82F2FFEC5}.RelWithDebInfo|x86.ActiveCfg = RelWithDebInfo|Win32
		{8ECBBDCD-865E-345B-9496-62B82F2FFEC5}.RelWithDebInfo|x86.Build.0 = RelWithDebInfo|Win32
	EndGlobalSection
	GlobalSection(SolutionProperties) = preSolution
		HideSolutionNode = FALSE
	EndGlobalSection
EndGlobal
